
Microsoft Visual Studio Solution File, Format Version 12.00
# Visual Studio Version 16
VisualStudioVersion = 16.0.29509.3
MinimumVisualStudioVersion = 10.0.40219.1
Project("{FAE04EC0-301F-11D3-BF4B-00C04F79EFBC}") = "JX48WK_gyak8", "JX48WK_gyak8\JX48WK_gyak8.csproj", "{0CF21B7C-B20B-4D95-87B7-1F1A55B56C7F}"
EndProject
Global
	GlobalSection(SolutionConfigurationPlatforms) = preSolution
		Debug|Any CPU = Debug|Any CPU
		Release|Any CPU = Release|Any CPU
	EndGlobalSection
	GlobalSection(ProjectConfigurationPlatforms) = postSolution
		{0CF21B7C-B20B-4D95-87B7-1F1A55B56C7F}.Debug|Any CPU.ActiveCfg = Debug|Any CPU
		{0CF21B7C-B20B-4D95-87B7-1F1A55B56C7F}.Debug|Any CPU.Build.0 = Debug|Any CPU
		{0CF21B7C-B20B-4D95-87B7-1F1A55B56C7F}.Release|Any CPU.ActiveCfg = Release|Any CPU
		{0CF21B7C-B20B-4D95-87B7-1F1A55B56C7F}.Release|Any CPU.Build.0 = Release|Any CPU
	EndGlobalSection
	GlobalSection(SolutionProperties) = preSolution
		HideSolutionNode = FALSE
	EndGlobalSection
	GlobalSection(ExtensibilityGlobals) = postSolution
		SolutionGuid = {6204C56C-D981-4660-AE6C-FBE070048EA2}
	EndGlobalSection
EndGlobal
